
Microsoft Visual Studio Solution File, Format Version 12.00
# Visual Studio Version 17
VisualStudioVersion = 17.3.32929.385
MinimumVisualStudioVersion = 10.0.40219.1
Project("{FAE04EC0-301F-11D3-BF4B-00C04F79EFBC}") = "season", "ConsoleApp1\season.csproj", "{27EAA402-AFD5-4942-8182-70E54E6EBA21}"
EndProject
Global
	GlobalSection(SolutionConfigurationPlatforms) = preSolution
		Debug|Any CPU = Debug|Any CPU
		Release|Any CPU = Release|Any CPU
	EndGlobalSection
	GlobalSection(ProjectConfigurationPlatforms) = postSolution
		{27EAA402-AFD5-4942-8182-70E54E6EBA21}.Debug|Any CPU.ActiveCfg = Debug|Any CPU
		{27EAA402-AFD5-4942-8182-70E54E6EBA21}.Debug|Any CPU.Build.0 = Debug|Any CPU
		{27EAA402-AFD5-4942-8182-70E54E6EBA21}.Release|Any CPU.ActiveCfg = Release|Any CPU
		{27EAA402-AFD5-4942-8182-70E54E6EBA21}.Release|Any CPU.Build.0 = Release|Any CPU
	EndGlobalSection
	GlobalSection(SolutionProperties) = preSolution
		HideSolutionNode = FALSE
	EndGlobalSection
	GlobalSection(ExtensibilityGlobals) = postSolution
		SolutionGuid = {BCC0F8DF-E9B3-44C4-B00F-240E61F97635}
	EndGlobalSection
EndGlobal
